// !$*UTF8*$!
{
	archiveVersion = 1;
	classes = {
	};
	objectVersion = 56;
	objects = {

/* Begin PBXBuildFile section */
		8DDA14092A8A8B3B00741F53 /* HotCoffeeApp.swift in Sources */ = {isa = PBXBuildFile; fileRef = 8DDA14082A8A8B3B00741F53 /* HotCoffeeApp.swift */; };
		8DDA140D2A8A8B3E00741F53 /* Assets.xcassets in Resources */ = {isa = PBXBuildFile; fileRef = 8DDA140C2A8A8B3E00741F53 /* Assets.xcassets */; };
		8DDA14102A8A8B3E00741F53 /* Preview Assets.xcassets in Resources */ = {isa = PBXBuildFile; fileRef = 8DDA140F2A8A8B3E00741F53 /* Preview Assets.xcassets */; };
		8DDA14182A8A8BB700741F53 /* HTTPClient.swift in Sources */ = {isa = PBXBuildFile; fileRef = 8DDA14172A8A8BB700741F53 /* HTTPClient.swift */; };
		8DDA141B2A8A8BD800741F53 /* APIs.swift in Sources */ = {isa = PBXBuildFile; fileRef = 8DDA141A2A8A8BD800741F53 /* APIs.swift */; };
		8DDA141E2A8A8C2600741F53 /* CoffeeOrderListScreen.swift in Sources */ = {isa = PBXBuildFile; fileRef = 8DDA141D2A8A8C2600741F53 /* CoffeeOrderListScreen.swift */; };
		8DDA14242A8A8CC900741F53 /* CoffeeOrder.swift in Sources */ = {isa = PBXBuildFile; fileRef = 8DDA14232A8A8CC900741F53 /* CoffeeOrder.swift */; };
		8DDA14282A8A920D00741F53 /* AddCoffeeOrderScreen.swift in Sources */ = {isa = PBXBuildFile; fileRef = 8DDA14272A8A920D00741F53 /* AddCoffeeOrderScreen.swift */; };
		8DDA142C2A8AAEA300741F53 /* CoffeeDetailScreen.swift in Sources */ = {isa = PBXBuildFile; fileRef = 8DDA142B2A8AAEA300741F53 /* CoffeeDetailScreen.swift */; };
		8DDA14312A8AB38100741F53 /* Model.swift in Sources */ = {isa = PBXBuildFile; fileRef = 8DDA14302A8AB38100741F53 /* Model.swift */; };
		8DDA14332A8AB87E00741F53 /* CoffeeOrderListScreen2.swift in Sources */ = {isa = PBXBuildFile; fileRef = 8DDA14322A8AB87E00741F53 /* CoffeeOrderListScreen2.swift */; };
/* End PBXBuildFile section */

/* Begin PBXFileReference section */
		8DDA14052A8A8B3B00741F53 /* HotCoffee.app */ = {isa = PBXFileReference; explicitFileType = wrapper.application; includeInIndex = 0; path = HotCoffee.app; sourceTree = BUILT_PRODUCTS_DIR; };
		8DDA14082A8A8B3B00741F53 /* HotCoffeeApp.swift */ = {isa = PBXFileReference; lastKnownFileType = sourcecode.swift; path = HotCoffeeApp.swift; sourceTree = "<group>"; };
		8DDA140C2A8A8B3E00741F53 /* Assets.xcassets */ = {isa = PBXFileReference; lastKnownFileType = folder.assetcatalog; path = Assets.xcassets; sourceTree = "<group>"; };
		8DDA140F2A8A8B3E00741F53 /* Preview Assets.xcassets */ = {isa = PBXFileReference; lastKnownFileType = folder.assetcatalog; path = "Preview Assets.xcassets"; sourceTree = "<group>"; };
		8DDA14172A8A8BB700741F53 /* HTTPClient.swift */ = {isa = PBXFileReference; lastKnownFileType = sourcecode.swift; path = HTTPClient.swift; sourceTree = "<group>"; };
		8DDA141A2A8A8BD800741F53 /* APIs.swift */ = {isa = PBXFileReference; lastKnownFileType = sourcecode.swift; path = APIs.swift; sourceTree = "<group>"; };
		8DDA141D2A8A8C2600741F53 /* CoffeeOrderListScreen.swift */ = {isa = PBXFileReference; lastKnownFileType = sourcecode.swift; path = CoffeeOrderListScreen.swift; sourceTree = "<group>"; };
		8DDA14232A8A8CC900741F53 /* CoffeeOrder.swift */ = {isa = PBXFileReference; lastKnownFileType = sourcecode.swift; path = CoffeeOrder.swift; sourceTree = "<group>"; };
		8DDA14272A8A920D00741F53 /* AddCoffeeOrderScreen.swift */ = {isa = PBXFileReference; lastKnownFileType = sourcecode.swift; path = AddCoffeeOrderScreen.swift; sourceTree = "<group>"; };
		8DDA142B2A8AAEA300741F53 /* CoffeeDetailScreen.swift */ = {isa = PBXFileReference; lastKnownFileType = sourcecode.swift; path = CoffeeDetailScreen.swift; sourceTree = "<group>"; };
		8DDA14302A8AB38100741F53 /* Model.swift */ = {isa = PBXFileReference; lastKnownFileType = sourcecode.swift; path = Model.swift; sourceTree = "<group>"; };
		8DDA14322A8AB87E00741F53 /* CoffeeOrderListScreen2.swift */ = {isa = PBXFileReference; lastKnownFileType = sourcecode.swift; path = CoffeeOrderListScreen2.swift; sourceTree = "<group>"; };
/* End PBXFileReference section */

/* Begin PBXFrameworksBuildPhase section */
		8DDA14022A8A8B3B00741F53 /* Frameworks */ = {
			isa = PBXFrameworksBuildPhase;
			buildActionMask = 2147483647;
			files = (
			);
			runOnlyForDeploymentPostprocessing = 0;
		};
/* End PBXFrameworksBuildPhase section */

/* Begin PBXGroup section */
		8DDA13FC2A8A8B3B00741F53 = {
			isa = PBXGroup;
			children = (
				8DDA14072A8A8B3B00741F53 /* HotCoffee */,
				8DDA14062A8A8B3B00741F53 /* Products */,
			);
			sourceTree = "<group>";
		};
		8DDA14062A8A8B3B00741F53 /* Products */ = {
			isa = PBXGroup;
			children = (
				8DDA14052A8A8B3B00741F53 /* HotCoffee.app */,
			);
			name = Products;
			sourceTree = "<group>";
		};
		8DDA14072A8A8B3B00741F53 /* HotCoffee */ = {
			isa = PBXGroup;
			children = (
				8DDA14222A8A8CC100741F53 /* Models */,
				8DDA141C2A8A8C1500741F53 /* Screens */,
				8DDA14192A8A8BCC00741F53 /* Utils */,
				8DDA14162A8A8BAE00741F53 /* Clients */,
				8DDA14082A8A8B3B00741F53 /* HotCoffeeApp.swift */,
				8DDA140C2A8A8B3E00741F53 /* Assets.xcassets */,
				8DDA140E2A8A8B3E00741F53 /* Preview Content */,
			);
			path = HotCoffee;
			sourceTree = "<group>";
		};
		8DDA140E2A8A8B3E00741F53 /* Preview Content */ = {
			isa = PBXGroup;
			children = (
				8DDA140F2A8A8B3E00741F53 /* Preview Assets.xcassets */,
			);
			path = "Preview Content";
			sourceTree = "<group>";
		};
		8DDA14162A8A8BAE00741F53 /* Clients */ = {
			isa = PBXGroup;
			children = (
				8DDA14172A8A8BB700741F53 /* HTTPClient.swift */,
			);
			path = Clients;
			sourceTree = "<group>";
		};
		8DDA14192A8A8BCC00741F53 /* Utils */ = {
			isa = PBXGroup;
			children = (
				8DDA141A2A8A8BD800741F53 /* APIs.swift */,
			);
			path = Utils;
			sourceTree = "<group>";
		};
		8DDA141C2A8A8C1500741F53 /* Screens */ = {
			isa = PBXGroup;
			children = (
				8DDA141D2A8A8C2600741F53 /* CoffeeOrderListScreen.swift */,
				8DDA14272A8A920D00741F53 /* AddCoffeeOrderScreen.swift */,
				8DDA142B2A8AAEA300741F53 /* CoffeeDetailScreen.swift */,
				8DDA14322A8AB87E00741F53 /* CoffeeOrderListScreen2.swift */,
			);
			path = Screens;
			sourceTree = "<group>";
		};
		8DDA14222A8A8CC100741F53 /* Models */ = {
			isa = PBXGroup;
			children = (
				8DDA14232A8A8CC900741F53 /* CoffeeOrder.swift */,
				8DDA14302A8AB38100741F53 /* Model.swift */,
			);
			path = Models;
			sourceTree = "<group>";
		};
/* End PBXGroup section */

/* Begin PBXNativeTarget section */
		8DDA14042A8A8B3B00741F53 /* HotCoffee */ = {
			isa = PBXNativeTarget;
			buildConfigurationList = 8DDA14132A8A8B3E00741F53 /* Build configuration list for PBXNativeTarget "HotCoffee" */;
			buildPhases = (
				8DDA14012A8A8B3B00741F53 /* Sources */,
				8DDA14022A8A8B3B00741F53 /* Frameworks */,
				8DDA14032A8A8B3B00741F53 /* Resources */,
			);
			buildRules = (
			);
			dependencies = (
			);
			name = HotCoffee;
			productName = HotCoffee;
			productReference = 8DDA14052A8A8B3B00741F53 /* HotCoffee.app */;
			productType = "com.apple.product-type.application";
		};
/* End PBXNativeTarget section */

/* Begin PBXProject section */
		8DDA13FD2A8A8B3B00741F53 /* Project object */ = {
			isa = PBXProject;
			attributes = {
				BuildIndependentTargetsInParallel = 1;
				LastSwiftUpdateCheck = 1500;
				LastUpgradeCheck = 1500;
				TargetAttributes = {
					8DDA14042A8A8B3B00741F53 = {
						CreatedOnToolsVersion = 15.0;
					};
				};
			};
			buildConfigurationList = 8DDA14002A8A8B3B00741F53 /* Build configuration list for PBXProject "HotCoffee" */;
			compatibilityVersion = "Xcode 14.0";
			developmentRegion = en;
			hasScannedForEncodings = 0;
			knownRegions = (
				en,
				Base,
			);
			mainGroup = 8DDA13FC2A8A8B3B00741F53;
			productRefGroup = 8DDA14062A8A8B3B00741F53 /* Products */;
			projectDirPath = "";
			projectRoot = "";
			targets = (
				8DDA14042A8A8B3B00741F53 /* HotCoffee */,
			);
		};
/* End PBXProject section */

/* Begin PBXResourcesBuildPhase section */
		8DDA14032A8A8B3B00741F53 /* Resources */ = {
			isa = PBXResourcesBuildPhase;
			buildActionMask = 2147483647;
			files = (
				8DDA14102A8A8B3E00741F53 /* Preview Assets.xcassets in Resources */,
				8DDA140D2A8A8B3E00741F53 /* Assets.xcassets in Resources */,
			);
			runOnlyForDeploymentPostprocessing = 0;
		};
/* End PBXResourcesBuildPhase section */

/* Begin PBXSourcesBuildPhase section */
		8DDA14012A8A8B3B00741F53 /* Sources */ = {
			isa = PBXSourcesBuildPhase;
			buildActionMask = 2147483647;
			files = (
				8DDA14092A8A8B3B00741F53 /* HotCoffeeApp.swift in Sources */,
				8DDA141E2A8A8C2600741F53 /* CoffeeOrderListScreen.swift in Sources */,
				8DDA14282A8A920D00741F53 /* AddCoffeeOrderScreen.swift in Sources */,
				8DDA141B2A8A8BD800741F53 /* APIs.swift in Sources */,
				8DDA14332A8AB87E00741F53 /* CoffeeOrderListScreen2.swift in Sources */,
				8DDA14312A8AB38100741F53 /* Model.swift in Sources */,
				8DDA14182A8A8BB700741F53 /* HTTPClient.swift in Sources */,
				8DDA142C2A8AAEA300741F53 /* CoffeeDetailScreen.swift in Sources */,
				8DDA14242A8A8CC900741F53 /* CoffeeOrder.swift in Sources */,
			);
			runOnlyForDeploymentPostprocessing = 0;
		};
/* End PBXSourcesBuildPhase section */

/* Begin XCBuildConfiguration section */
		8DDA14112A8A8B3E00741F53 /* Debug */ = {
			isa = XCBuildConfiguration;
			buildSettings = {
				ALWAYS_SEARCH_USER_PATHS = NO;
				ASSETCATALOG_COMPILER_GENERATE_SWIFT_ASSET_SYMBOL_EXTENSIONS = YES;
				CLANG_ANALYZER_NONNULL = YES;
				CLANG_ANALYZER_NUMBER_OBJECT_CONVERSION = YES_AGGRESSIVE;
				CLANG_CXX_LANGUAGE_STANDARD = "gnu++20";
				CLANG_ENABLE_MODULES = YES;
				CLANG_ENABLE_OBJC_ARC = YES;
				CLANG_ENABLE_OBJC_WEAK = YES;
				CLANG_WARN_BLOCK_CAPTURE_AUTORELEASING = YES;
				CLANG_WARN_BOOL_CONVERSION = YES;
				CLANG_WARN_COMMA = YES;
				CLANG_WARN_CONSTANT_CONVERSION = YES;
				CLANG_WARN_DEPRECATED_OBJC_IMPLEMENTATIONS = YES;
				CLANG_WARN_DIRECT_OBJC_ISA_USAGE = YES_ERROR;
				CLANG_WARN_DOCUMENTATION_COMMENTS = YES;
				CLANG_WARN_EMPTY_BODY = YES;
				CLANG_WARN_ENUM_CONVERSION = YES;
				CLANG_WARN_INFINITE_RECURSION = YES;
				CLANG_WARN_INT_CONVERSION = YES;
				CLANG_WARN_NON_LITERAL_NULL_CONVERSION = YES;
				CLANG_WARN_OBJC_IMPLICIT_RETAIN_SELF = YES;
				CLANG_WARN_OBJC_LITERAL_CONVERSION = YES;
				CLANG_WARN_OBJC_ROOT_CLASS = YES_ERROR;
				CLANG_WARN_QUOTED_INCLUDE_IN_FRAMEWORK_HEADER = YES;
				CLANG_WARN_RANGE_LOOP_ANALYSIS = YES;
				CLANG_WARN_STRICT_PROTOTYPES = YES;
				CLANG_WARN_SUSPICIOUS_MOVE = YES;
				CLANG_WARN_UNGUARDED_AVAILABILITY = YES_AGGRESSIVE;
				CLANG_WARN_UNREACHABLE_CODE = YES;
				CLANG_WARN__DUPLICATE_METHOD_MATCH = YES;
				COPY_PHASE_STRIP = NO;
				DEBUG_INFORMATION_FORMAT = dwarf;
				ENABLE_STRICT_OBJC_MSGSEND = YES;
				ENABLE_TESTABILITY = YES;
				ENABLE_USER_SCRIPT_SANDBOXING = YES;
				GCC_C_LANGUAGE_STANDARD = gnu17;
				GCC_DYNAMIC_NO_PIC = NO;
				GCC_NO_COMMON_BLOCKS = YES;
				GCC_OPTIMIZATION_LEVEL = 0;
				GCC_PREPROCESSOR_DEFINITIONS = (
					"DEBUG=1",
					"$(inherited)",
				);
				GCC_WARN_64_TO_32_BIT_CONVERSION = YES;
				GCC_WARN_ABOUT_RETURN_TYPE = YES_ERROR;
				GCC_WARN_UNDECLARED_SELECTOR = YES;
				GCC_WARN_UNINITIALIZED_AUTOS = YES_AGGRESSIVE;
				GCC_WARN_UNUSED_FUNCTION = YES;
				GCC_WARN_UNUSED_VARIABLE = YES;
				IPHONEOS_DEPLOYMENT_TARGET = 17.0;
				LOCALIZATION_PREFERS_STRING_CATALOGS = YES;
				MTL_ENABLE_DEBUG_INFO = INCLUDE_SOURCE;
				MTL_FAST_MATH = YES;
				ONLY_ACTIVE_ARCH = YES;
				SDKROOT = iphoneos;
				SWIFT_ACTIVE_COMPILATION_CONDITIONS = "DEBUG $(inherited)";
				SWIFT_OPTIMIZATION_LEVEL = "-Onone";
			};
			name = Debug;
		};
		8DDA14122A8A8B3E00741F53 /* Release */ = {
			isa = XCBuildConfiguration;
			buildSettings = {
				ALWAYS_SEARCH_USER_PATHS = NO;
				ASSETCATALOG_COMPILER_GENERATE_SWIFT_ASSET_SYMBOL_EXTENSIONS = YES;
				CLANG_ANALYZER_NONNULL = YES;
				CLANG_ANALYZER_NUMBER_OBJECT_CONVERSION = YES_AGGRESSIVE;
				CLANG_CXX_LANGUAGE_STANDARD = "gnu++20";
				CLANG_ENABLE_MODULES = YES;
				CLANG_ENABLE_OBJC_ARC = YES;
				CLANG_ENABLE_OBJC_WEAK = YES;
				CLANG_WARN_BLOCK_CAPTURE_AUTORELEASING = YES;
				CLANG_WARN_BOOL_CONVERSION = YES;
				CLANG_WARN_COMMA = YES;
				CLANG_WARN_CONSTANT_CONVERSION = YES;
				CLANG_WARN_DEPRECATED_OBJC_IMPLEMENTATIONS = YES;
				CLANG_WARN_DIRECT_OBJC_ISA_USAGE = YES_ERROR;
				CLANG_WARN_DOCUMENTATION_COMMENTS = YES;
				CLANG_WARN_EMPTY_BODY = YES;
				CLANG_WARN_ENUM_CONVERSION = YES;
				CLANG_WARN_INFINITE_RECURSION = YES;
				CLANG_WARN_INT_CONVERSION = YES;
				CLANG_WARN_NON_LITERAL_NULL_CONVERSION = YES;
				CLANG_WARN_OBJC_IMPLICIT_RETAIN_SELF = YES;
				CLANG_WARN_OBJC_LITERAL_CONVERSION = YES;
				CLANG_WARN_OBJC_ROOT_CLASS = YES_ERROR;
				CLANG_WARN_QUOTED_INCLUDE_IN_FRAMEWORK_HEADER = YES;
				CLANG_WARN_RANGE_LOOP_ANALYSIS = YES;
				CLANG_WARN_STRICT_PROTOTYPES = YES;
				CLANG_WARN_SUSPICIOUS_MOVE = YES;
				CLANG_WARN_UNGUARDED_AVAILABILITY = YES_AGGRESSIVE;
				CLANG_WARN_UNREACHABLE_CODE = YES;
				CLANG_WARN__DUPLICATE_METHOD_MATCH = YES;
				COPY_PHASE_STRIP = NO;
				DEBUG_INFORMATION_FORMAT = "dwarf-with-dsym";
				ENABLE_NS_ASSERTIONS = NO;
				ENABLE_STRICT_OBJC_MSGSEND = YES;
				ENABLE_USER_SCRIPT_SANDBOXING = YES;
				GCC_C_LANGUAGE_STANDARD = gnu17;
				GCC_NO_COMMON_BLOCKS = YES;
				GCC_WARN_64_TO_32_BIT_CONVERSION = YES;
				GCC_WARN_ABOUT_RETURN_TYPE = YES_ERROR;
				GCC_WARN_UNDECLARED_SELECTOR = YES;
				GCC_WARN_UNINITIALIZED_AUTOS = YES_AGGRESSIVE;
				GCC_WARN_UNUSED_FUNCTION = YES;
				GCC_WARN_UNUSED_VARIABLE = YES;
				IPHONEOS_DEPLOYMENT_TARGET = 17.0;
				LOCALIZATION_PREFERS_STRING_CATALOGS = YES;
				MTL_ENABLE_DEBUG_INFO = NO;
				MTL_FAST_MATH = YES;
				SDKROOT = iphoneos;
				SWIFT_COMPILATION_MODE = wholemodule;
				VALIDATE_PRODUCT = YES;
			};
			name = Release;
		};
		8DDA14142A8A8B3E00741F53 /* Debug */ = {
			isa = XCBuildConfiguration;
			buildSettings = {
				ASSETCATALOG_COMPILER_APPICON_NAME = AppIcon;
				ASSETCATALOG_COMPILER_GLOBAL_ACCENT_COLOR_NAME = AccentColor;
				CODE_SIGN_STYLE = Automatic;
				CURRENT_PROJECT_VERSION = 1;
				DEVELOPMENT_ASSET_PATHS = "\"HotCoffee/Preview Content\"";
				DEVELOPMENT_TEAM = B2Q8EGNCQA;
				ENABLE_PREVIEWS = YES;
				GENERATE_INFOPLIST_FILE = YES;
				INFOPLIST_KEY_UIApplicationSceneManifest_Generation = YES;
				INFOPLIST_KEY_UIApplicationSupportsIndirectInputEvents = YES;
				INFOPLIST_KEY_UILaunchScreen_Generation = YES;
				INFOPLIST_KEY_UISupportedInterfaceOrientations_iPad = "UIInterfaceOrientationPortrait UIInterfaceOrientationPortraitUpsideDown UIInterfaceOrientationLandscapeLeft UIInterfaceOrientationLandscapeRight";
				INFOPLIST_KEY_UISupportedInterfaceOrientations_iPhone = "UIInterfaceOrientationPortrait UIInterfaceOrientationLandscapeLeft UIInterfaceOrientationLandscapeRight";
				LD_RUNPATH_SEARCH_PATHS = (
					"$(inherited)",
					"@executable_path/Frameworks",
				);
				MARKETING_VERSION = 1.0;
				PRODUCT_BUNDLE_IDENTIFIER = com.azamsharp.HotCoffee;
				PRODUCT_NAME = "$(TARGET_NAME)";
				SWIFT_EMIT_LOC_STRINGS = YES;
				SWIFT_VERSION = 5.0;
				TARGETED_DEVICE_FAMILY = "1,2";
			};
			name = Debug;
		};
		8DDA14152A8A8B3E00741F53 /* Release */ = {
			isa = XCBuildConfiguration;
			buildSettings = {
				ASSETCATALOG_COMPILER_APPICON_NAME = AppIcon;
				ASSETCATALOG_COMPILER_GLOBAL_ACCENT_COLOR_NAME = AccentColor;
				CODE_SIGN_STYLE = Automatic;
				CURRENT_PROJECT_VERSION = 1;
				DEVELOPMENT_ASSET_PATHS = "\"HotCoffee/Preview Content\"";
				DEVELOPMENT_TEAM = B2Q8EGNCQA;
				ENABLE_PREVIEWS = YES;
				GENERATE_INFOPLIST_FILE = YES;
				INFOPLIST_KEY_UIApplicationSceneManifest_Generation = YES;
				INFOPLIST_KEY_UIApplicationSupportsIndirectInputEvents = YES;
				INFOPLIST_KEY_UILaunchScreen_Generation = YES;
				INFOPLIST_KEY_UISupportedInterfaceOrientations_iPad = "UIInterfaceOrientationPortrait UIInterfaceOrientationPortraitUpsideDown UIInterfaceOrientationLandscapeLeft UIInterfaceOrientationLandscapeRight";
				INFOPLIST_KEY_UISupportedInterfaceOrientations_iPhone = "UIInterfaceOrientationPortrait UIInterfaceOrientationLandscapeLeft UIInterfaceOrientationLandscapeRight";
				LD_RUNPATH_SEARCH_PATHS = (
					"$(inherited)",
					"@executable_path/Frameworks",
				);
				MARKETING_VERSION = 1.0;
				PRODUCT_BUNDLE_IDENTIFIER = com.azamsharp.HotCoffee;
				PRODUCT_NAME = "$(TARGET_NAME)";
				SWIFT_EMIT_LOC_STRINGS = YES;
				SWIFT_VERSION = 5.0;
				TARGETED_DEVICE_FAMILY = "1,2";
			};
			name = Release;
		};
/* End XCBuildConfiguration section */

/* Begin XCConfigurationList section */
		8DDA14002A8A8B3B00741F53 /* Build configuration list for PBXProject "HotCoffee" */ = {
			isa = XCConfigurationList;
			buildConfigurations = (
				8DDA14112A8A8B3E00741F53 /* Debug */,
				8DDA14122A8A8B3E00741F53 /* Release */,
			);
			defaultConfigurationIsVisible = 0;
			defaultConfigurationName = Release;
		};
		8DDA14132A8A8B3E00741F53 /* Build configuration list for PBXNativeTarget "HotCoffee" */ = {
			isa = XCConfigurationList;
			buildConfigurations = (
				8DDA14142A8A8B3E00741F53 /* Debug */,
				8DDA14152A8A8B3E00741F53 /* Release */,
			);
			defaultConfigurationIsVisible = 0;
			defaultConfigurationName = Release;
		};
/* End XCConfigurationList section */
	};
	rootObject = 8DDA13FD2A8A8B3B00741F53 /* Project object */;
}
